
Microsoft Visual Studio Solution File, Format Version 12.00
# Visual Studio Version 17
VisualStudioVersion = 17.4.33213.308
MinimumVisualStudioVersion = 10.0.40219.1
Project("{FAE04EC0-301F-11D3-BF4B-00C04F79EFBC}") = "Projekt Programowanie Obiektowe w68892 Jakub Tokarski", "Projekt Programowanie Obiektowe w68892 Jakub Tokarski.csproj", "{71F7CD95-0FAB-4D2C-8DEF-DFCD87D00EAA}"
EndProject
Global
	GlobalSection(SolutionConfigurationPlatforms) = preSolution
		Debug|Any CPU = Debug|Any CPU
		Release|Any CPU = Release|Any CPU
	EndGlobalSection
	GlobalSection(ProjectConfigurationPlatforms) = postSolution
		{71F7CD95-0FAB-4D2C-8DEF-DFCD87D00EAA}.Debug|Any CPU.ActiveCfg = Debug|Any CPU
		{71F7CD95-0FAB-4D2C-8DEF-DFCD87D00EAA}.Debug|Any CPU.Build.0 = Debug|Any CPU
		{71F7CD95-0FAB-4D2C-8DEF-DFCD87D00EAA}.Release|Any CPU.ActiveCfg = Release|Any CPU
		{71F7CD95-0FAB-4D2C-8DEF-DFCD87D00EAA}.Release|Any CPU.Build.0 = Release|Any CPU
	EndGlobalSection
	GlobalSection(SolutionProperties) = preSolution
		HideSolutionNode = FALSE
	EndGlobalSection
	GlobalSection(ExtensibilityGlobals) = postSolution
		SolutionGuid = {C1DFEFA0-328D-47ED-BEEF-7BD38BD7ED59}
	EndGlobalSection
EndGlobal
